
Microsoft Visual Studio Solution File, Format Version 12.00
# Visual Studio 15
VisualStudioVersion = 15.0.28307.645
MinimumVisualStudioVersion = 10.0.40219.1
Project("{FAE04EC0-301F-11D3-BF4B-00C04F79EFBC}") = "FaultyNetwork", "FaultyNetwork\FaultyNetwork.csproj", "{0ED9DD8D-0BD2-46E2-B751-DB828CFB9D3B}"
EndProject
Global
	GlobalSection(SolutionConfigurationPlatforms) = preSolution
		Debug|Any CPU = Debug|Any CPU
		Release|Any CPU = Release|Any CPU
	EndGlobalSection
	GlobalSection(ProjectConfigurationPlatforms) = postSolution
		{0ED9DD8D-0BD2-46E2-B751-DB828CFB9D3B}.Debug|Any CPU.ActiveCfg = Debug|Any CPU
		{0ED9DD8D-0BD2-46E2-B751-DB828CFB9D3B}.Debug|Any CPU.Build.0 = Debug|Any CPU
		{0ED9DD8D-0BD2-46E2-B751-DB828CFB9D3B}.Release|Any CPU.ActiveCfg = Release|Any CPU
		{0ED9DD8D-0BD2-46E2-B751-DB828CFB9D3B}.Release|Any CPU.Build.0 = Release|Any CPU
	EndGlobalSection
	GlobalSection(SolutionProperties) = preSolution
		HideSolutionNode = FALSE
	EndGlobalSection
	GlobalSection(ExtensibilityGlobals) = postSolution
		SolutionGuid = {78D812C7-D136-4BED-8278-FF48D55C82E1}
	EndGlobalSection
EndGlobal
